
Microsoft Visual Studio Solution File, Format Version 12.00
# Visual Studio 15
VisualStudioVersion = 15.0.27130.2020
MinimumVisualStudioVersion = 10.0.40219.1
Project("{FAE04EC0-301F-11D3-BF4B-00C04F79EFBC}") = "testeTelefone", "testeTelefone\testeTelefone.csproj", "{4B1B050B-085E-44D8-944B-756C4446F1DE}"
EndProject
Global
	GlobalSection(SolutionConfigurationPlatforms) = preSolution
		Debug|Any CPU = Debug|Any CPU
		Release|Any CPU = Release|Any CPU
	EndGlobalSection
	GlobalSection(ProjectConfigurationPlatforms) = postSolution
		{4B1B050B-085E-44D8-944B-756C4446F1DE}.Debug|Any CPU.ActiveCfg = Debug|Any CPU
		{4B1B050B-085E-44D8-944B-756C4446F1DE}.Debug|Any CPU.Build.0 = Debug|Any CPU
		{4B1B050B-085E-44D8-944B-756C4446F1DE}.Release|Any CPU.ActiveCfg = Release|Any CPU
		{4B1B050B-085E-44D8-944B-756C4446F1DE}.Release|Any CPU.Build.0 = Release|Any CPU
	EndGlobalSection
	GlobalSection(SolutionProperties) = preSolution
		HideSolutionNode = FALSE
	EndGlobalSection
	GlobalSection(ExtensibilityGlobals) = postSolution
		SolutionGuid = {0E7D2982-A461-43CF-A0CF-D7A49B905E1C}
	EndGlobalSection
EndGlobal
